
Microsoft Visual Studio Solution File, Format Version 12.00
# Visual Studio Version 17
VisualStudioVersion = 17.8.34330.188
MinimumVisualStudioVersion = 10.0.40219.1
Project("{FAE04EC0-301F-11D3-BF4B-00C04F79EFBC}") = "DOOMLauncher", "DOOMLauncher\DOOMLauncher.csproj", "{972E9825-3BD6-4DE1-8D4F-92A13CE5FA63}"
EndProject
Global
	GlobalSection(SolutionConfigurationPlatforms) = preSolution
		Debug|Any CPU = Debug|Any CPU
		Release|Any CPU = Release|Any CPU
	EndGlobalSection
	GlobalSection(ProjectConfigurationPlatforms) = postSolution
		{972E9825-3BD6-4DE1-8D4F-92A13CE5FA63}.Debug|Any CPU.ActiveCfg = Debug|Any CPU
		{972E9825-3BD6-4DE1-8D4F-92A13CE5FA63}.Debug|Any CPU.Build.0 = Debug|Any CPU
		{972E9825-3BD6-4DE1-8D4F-92A13CE5FA63}.Release|Any CPU.ActiveCfg = Release|Any CPU
		{972E9825-3BD6-4DE1-8D4F-92A13CE5FA63}.Release|Any CPU.Build.0 = Release|Any CPU
	EndGlobalSection
	GlobalSection(SolutionProperties) = preSolution
		HideSolutionNode = FALSE
	EndGlobalSection
	GlobalSection(ExtensibilityGlobals) = postSolution
		SolutionGuid = {81225BF0-3E23-4A37-830B-B15DCDF27B5C}
	EndGlobalSection
EndGlobal
