
Microsoft Visual Studio Solution File, Format Version 12.00
# Visual Studio Version 16
VisualStudioVersion = 16.0.31410.357
MinimumVisualStudioVersion = 10.0.40219.1
Project("{FAE04EC0-301F-11D3-BF4B-00C04F79EFBC}") = "DOOMLauncher", "DOOMLauncher\DOOMLauncher.csproj", "{C53AF375-34EE-43DF-A19C-43C3FC322588}"
EndProject
Global
	GlobalSection(SolutionConfigurationPlatforms) = preSolution
		Debug|Any CPU = Debug|Any CPU
		Release|Any CPU = Release|Any CPU
	EndGlobalSection
	GlobalSection(ProjectConfigurationPlatforms) = postSolution
		{C53AF375-34EE-43DF-A19C-43C3FC322588}.Debug|Any CPU.ActiveCfg = Debug|Any CPU
		{C53AF375-34EE-43DF-A19C-43C3FC322588}.Debug|Any CPU.Build.0 = Debug|Any CPU
		{C53AF375-34EE-43DF-A19C-43C3FC322588}.Release|Any CPU.ActiveCfg = Release|Any CPU
		{C53AF375-34EE-43DF-A19C-43C3FC322588}.Release|Any CPU.Build.0 = Release|Any CPU
	EndGlobalSection
	GlobalSection(SolutionProperties) = preSolution
		HideSolutionNode = FALSE
	EndGlobalSection
	GlobalSection(ExtensibilityGlobals) = postSolution
		SolutionGuid = {0E785E0C-242B-432B-9F18-45EA8BC69B7C}
	EndGlobalSection
EndGlobal
